
Microsoft Visual Studio Solution File, Format Version 12.00
# Visual Studio Version 16
VisualStudioVersion = 16.0.32901.82
MinimumVisualStudioVersion = 10.0.40219.1
Project("{FAE04EC0-301F-11D3-BF4B-00C04F79EFBC}") = "day12dotnet", "day12dotnet\day12dotnet.csproj", "{E4A3405F-49B1-4359-9373-1EE6C2E9B9E4}"
EndProject
Global
	GlobalSection(SolutionConfigurationPlatforms) = preSolution
		Debug|Any CPU = Debug|Any CPU
		Release|Any CPU = Release|Any CPU
	EndGlobalSection
	GlobalSection(ProjectConfigurationPlatforms) = postSolution
		{E4A3405F-49B1-4359-9373-1EE6C2E9B9E4}.Debug|Any CPU.ActiveCfg = Debug|Any CPU
		{E4A3405F-49B1-4359-9373-1EE6C2E9B9E4}.Debug|Any CPU.Build.0 = Debug|Any CPU
		{E4A3405F-49B1-4359-9373-1EE6C2E9B9E4}.Release|Any CPU.ActiveCfg = Release|Any CPU
		{E4A3405F-49B1-4359-9373-1EE6C2E9B9E4}.Release|Any CPU.Build.0 = Release|Any CPU
	EndGlobalSection
	GlobalSection(SolutionProperties) = preSolution
		HideSolutionNode = FALSE
	EndGlobalSection
	GlobalSection(ExtensibilityGlobals) = postSolution
		SolutionGuid = {2477A488-454C-494A-AF2F-978E21287A4D}
	EndGlobalSection
EndGlobal
